
Microsoft Visual Studio Solution File, Format Version 12.00
# Visual Studio Version 17
VisualStudioVersion = 17.10.34928.147
MinimumVisualStudioVersion = 10.0.40219.1
Project("{9A19103F-16F7-4668-BE54-9A1E7A4F7556}") = "TechChallange.Contact.Consumer", "TechChallange.Contact.Consumer\TechChallange.Contact.Consumer.csproj", "{74F6374D-0856-496D-8FE0-D51C90E6550C}"
EndProject
Project("{FAE04EC0-301F-11D3-BF4B-00C04F79EFBC}") = "TechChallange.Contact.Domain", "TechChallange.Contact.Domain\TechChallange.Contact.Domain.csproj", "{BC6B4E0E-8236-4309-98B9-F3E7B7950F75}"
EndProject
Project("{FAE04EC0-301F-11D3-BF4B-00C04F79EFBC}") = "TechChallange.Contact.Infrastructure", "TechChallange.Contact.Infrastructure\TechChallange.Contact.Infrastructure.csproj", "{2A2DF3BA-18D0-4B7D-A0ED-D4C01B2E6520}"
EndProject
Project("{FAE04EC0-301F-11D3-BF4B-00C04F79EFBC}") = "TechChallange.ContactConsumer.Tests", "TechChallange.ContactConsumer.Tests\TechChallange.ContactConsumer.Tests.csproj", "{641E0A0A-1E61-41CE-BA1F-03286F300295}"
EndProject
Global
	GlobalSection(SolutionConfigurationPlatforms) = preSolution
		Debug|Any CPU = Debug|Any CPU
		Release|Any CPU = Release|Any CPU
	EndGlobalSection
	GlobalSection(ProjectConfigurationPlatforms) = postSolution
		{74F6374D-0856-496D-8FE0-D51C90E6550C}.Debug|Any CPU.ActiveCfg = Debug|Any CPU
		{74F6374D-0856-496D-8FE0-D51C90E6550C}.Debug|Any CPU.Build.0 = Debug|Any CPU
		{74F6374D-0856-496D-8FE0-D51C90E6550C}.Release|Any CPU.ActiveCfg = Release|Any CPU
		{74F6374D-0856-496D-8FE0-D51C90E6550C}.Release|Any CPU.Build.0 = Release|Any CPU
		{BC6B4E0E-8236-4309-98B9-F3E7B7950F75}.Debug|Any CPU.ActiveCfg = Debug|Any CPU
		{BC6B4E0E-8236-4309-98B9-F3E7B7950F75}.Debug|Any CPU.Build.0 = Debug|Any CPU
		{BC6B4E0E-8236-4309-98B9-F3E7B7950F75}.Release|Any CPU.ActiveCfg = Release|Any CPU
		{BC6B4E0E-8236-4309-98B9-F3E7B7950F75}.Release|Any CPU.Build.0 = Release|Any CPU
		{2A2DF3BA-18D0-4B7D-A0ED-D4C01B2E6520}.Debug|Any CPU.ActiveCfg = Debug|Any CPU
		{2A2DF3BA-18D0-4B7D-A0ED-D4C01B2E6520}.Debug|Any CPU.Build.0 = Debug|Any CPU
		{2A2DF3BA-18D0-4B7D-A0ED-D4C01B2E6520}.Release|Any CPU.ActiveCfg = Release|Any CPU
		{2A2DF3BA-18D0-4B7D-A0ED-D4C01B2E6520}.Release|Any CPU.Build.0 = Release|Any CPU
		{641E0A0A-1E61-41CE-BA1F-03286F300295}.Debug|Any CPU.ActiveCfg = Debug|Any CPU
		{641E0A0A-1E61-41CE-BA1F-03286F300295}.Debug|Any CPU.Build.0 = Debug|Any CPU
		{641E0A0A-1E61-41CE-BA1F-03286F300295}.Release|Any CPU.ActiveCfg = Release|Any CPU
		{641E0A0A-1E61-41CE-BA1F-03286F300295}.Release|Any CPU.Build.0 = Release|Any CPU
	EndGlobalSection
	GlobalSection(SolutionProperties) = preSolution
		HideSolutionNode = FALSE
	EndGlobalSection
	GlobalSection(ExtensibilityGlobals) = postSolution
		SolutionGuid = {15AC650A-F903-4C91-A3E9-CC3B47DD9280}
	EndGlobalSection
EndGlobal
